// !$*UTF8*$!
{
	archiveVersion = 1;
	classes = {
	};
	objectVersion = 77;
	objects = {

/* Begin PBXBuildFile section */
		302391292D2ED0A800C485B7 /* LiveKit in Frameworks */ = {isa = PBXBuildFile; productRef = 302391282D2ED0A800C485B7 /* LiveKit */; };
		3023912C2D2ED10000C485B7 /* FirebaseCore in Frameworks */ = {isa = PBXBuildFile; productRef = 3023912B2D2ED10000C485B7 /* FirebaseCore */; };
		3023912E2D2ED10000C485B7 /* FirebaseFunctions in Frameworks */ = {isa = PBXBuildFile; productRef = 3023912D2D2ED10000C485B7 /* FirebaseFunctions */; };
		302391302D2ED10000C485B7 /* FirebaseInAppMessaging-Beta in Frameworks */ = {isa = PBXBuildFile; productRef = 3023912F2D2ED10000C485B7 /* FirebaseInAppMessaging-Beta */; };
		302391322D2ED10000C485B7 /* FirebaseMessaging in Frameworks */ = {isa = PBXBuildFile; productRef = 302391312D2ED10000C485B7 /* FirebaseMessaging */; };
		302391352D2ED17000C485B7 /* KeychainAccess in Frameworks */ = {isa = PBXBuildFile; productRef = 302391342D2ED17000C485B7 /* KeychainAccess */; };
		302391382D2ED19F00C485B7 /* spm-talkplus-framework in Frameworks */ = {isa = PBXBuildFile; productRef = 302391372D2ED19F00C485B7 /* spm-talkplus-framework */; };
		3023913B2D2ED1C900C485B7 /* GoogleSignIn in Frameworks */ = {isa = PBXBuildFile; productRef = 3023913A2D2ED1C900C485B7 /* GoogleSignIn */; };
		3023913D2D2ED1C900C485B7 /* GoogleSignInSwift in Frameworks */ = {isa = PBXBuildFile; productRef = 3023913C2D2ED1C900C485B7 /* GoogleSignInSwift */; };
		303224352D2ED374006016CE /* Alamofire in Frameworks */ = {isa = PBXBuildFile; productRef = 303224342D2ED374006016CE /* Alamofire */; };
		30A21A922D2ECC74005812C3 /* LiveKit in Frameworks */ = {isa = PBXBuildFile; productRef = 30A21A912D2ECC74005812C3 /* LiveKit */; };
		30A21A9D2D2ECE10005812C3 /* FirebaseAnalytics in Frameworks */ = {isa = PBXBuildFile; productRef = 30A21A9C2D2ECE10005812C3 /* FirebaseAnalytics */; };
		30A21A9F2D2ECE10005812C3 /* FirebaseAnalyticsOnDeviceConversion in Frameworks */ = {isa = PBXBuildFile; productRef = 30A21A9E2D2ECE10005812C3 /* FirebaseAnalyticsOnDeviceConversion */; };
		30A21AA12D2ECE10005812C3 /* FirebaseAnalyticsWithoutAdIdSupport in Frameworks */ = {isa = PBXBuildFile; productRef = 30A21AA02D2ECE10005812C3 /* FirebaseAnalyticsWithoutAdIdSupport */; };
		30A21AA32D2ECE10005812C3 /* FirebaseAppCheck in Frameworks */ = {isa = PBXBuildFile; productRef = 30A21AA22D2ECE10005812C3 /* FirebaseAppCheck */; };
		30A21AA52D2ECE10005812C3 /* FirebaseAppDistribution-Beta in Frameworks */ = {isa = PBXBuildFile; productRef = 30A21AA42D2ECE10005812C3 /* FirebaseAppDistribution-Beta */; };
		30A21AA72D2ECE10005812C3 /* FirebaseAuthCombine-Community in Frameworks */ = {isa = PBXBuildFile; productRef = 30A21AA62D2ECE10005812C3 /* FirebaseAuthCombine-Community */; };
		30A21AA92D2ECE10005812C3 /* FirebaseCore in Frameworks */ = {isa = PBXBuildFile; productRef = 30A21AA82D2ECE10005812C3 /* FirebaseCore */; };
		30A21AAB2D2ECE10005812C3 /* FirebaseCrashlytics in Frameworks */ = {isa = PBXBuildFile; productRef = 30A21AAA2D2ECE10005812C3 /* FirebaseCrashlytics */; };
		30A21AAD2D2ECE10005812C3 /* FirebaseDatabase in Frameworks */ = {isa = PBXBuildFile; productRef = 30A21AAC2D2ECE10005812C3 /* FirebaseDatabase */; };
		30A21AAF2D2ECE10005812C3 /* FirebaseDynamicLinks in Frameworks */ = {isa = PBXBuildFile; productRef = 30A21AAE2D2ECE10005812C3 /* FirebaseDynamicLinks */; };
		30A21AB12D2ECE10005812C3 /* FirebaseFirestore in Frameworks */ = {isa = PBXBuildFile; productRef = 30A21AB02D2ECE10005812C3 /* FirebaseFirestore */; };
		30A21AB32D2ECE10005812C3 /* FirebaseFirestoreCombine-Community in Frameworks */ = {isa = PBXBuildFile; productRef = 30A21AB22D2ECE10005812C3 /* FirebaseFirestoreCombine-Community */; };
		30A21AB52D2ECE10005812C3 /* FirebaseFunctions in Frameworks */ = {isa = PBXBuildFile; productRef = 30A21AB42D2ECE10005812C3 /* FirebaseFunctions */; };
		30A21AB72D2ECE10005812C3 /* FirebaseFunctionsCombine-Community in Frameworks */ = {isa = PBXBuildFile; productRef = 30A21AB62D2ECE10005812C3 /* FirebaseFunctionsCombine-Community */; };
		30A21AB92D2ECE10005812C3 /* FirebaseInAppMessaging-Beta in Frameworks */ = {isa = PBXBuildFile; productRef = 30A21AB82D2ECE10005812C3 /* FirebaseInAppMessaging-Beta */; };
		30A21ABB2D2ECE10005812C3 /* FirebaseInstallations in Frameworks */ = {isa = PBXBuildFile; productRef = 30A21ABA2D2ECE10005812C3 /* FirebaseInstallations */; };
		30A21ABD2D2ECE10005812C3 /* FirebaseMLModelDownloader in Frameworks */ = {isa = PBXBuildFile; productRef = 30A21ABC2D2ECE10005812C3 /* FirebaseMLModelDownloader */; };
		30A21ABF2D2ECE10005812C3 /* FirebaseMessaging in Frameworks */ = {isa = PBXBuildFile; productRef = 30A21ABE2D2ECE10005812C3 /* FirebaseMessaging */; };
		30A21AC12D2ECE10005812C3 /* FirebasePerformance in Frameworks */ = {isa = PBXBuildFile; productRef = 30A21AC02D2ECE10005812C3 /* FirebasePerformance */; };
		30A21AC32D2ECE10005812C3 /* FirebaseRemoteConfig in Frameworks */ = {isa = PBXBuildFile; productRef = 30A21AC22D2ECE10005812C3 /* FirebaseRemoteConfig */; };
/* End PBXBuildFile section */

/* Begin PBXContainerItemProxy section */
		305E536B2D1B0693002E4746 /* PBXContainerItemProxy */ = {
			isa = PBXContainerItemProxy;
			containerPortal = 305E53522D1B0691002E4746 /* Project object */;
			proxyType = 1;
			remoteGlobalIDString = 305E53592D1B0691002E4746;
			remoteInfo = FightClub;
		};
		305E53752D1B0693002E4746 /* PBXContainerItemProxy */ = {
			isa = PBXContainerItemProxy;
			containerPortal = 305E53522D1B0691002E4746 /* Project object */;
			proxyType = 1;
			remoteGlobalIDString = 305E53592D1B0691002E4746;
			remoteInfo = FightClub;
		};
/* End PBXContainerItemProxy section */

/* Begin PBXFileReference section */
		305E535A2D1B0691002E4746 /* FightClub.app */ = {isa = PBXFileReference; explicitFileType = wrapper.application; includeInIndex = 0; path = FightClub.app; sourceTree = BUILT_PRODUCTS_DIR; };
		305E536A2D1B0693002E4746 /* FightClubTests.xctest */ = {isa = PBXFileReference; explicitFileType = wrapper.cfbundle; includeInIndex = 0; path = FightClubTests.xctest; sourceTree = BUILT_PRODUCTS_DIR; };
		305E53742D1B0693002E4746 /* FightClubUITests.xctest */ = {isa = PBXFileReference; explicitFileType = wrapper.cfbundle; includeInIndex = 0; path = FightClubUITests.xctest; sourceTree = BUILT_PRODUCTS_DIR; };
/* End PBXFileReference section */

/* Begin PBXFileSystemSynchronizedBuildFileExceptionSet section */
		307D31ED2D1BC4C5003CCE92 /* Exceptions for "FightClub" folder in "FightClub" target */ = {
			isa = PBXFileSystemSynchronizedBuildFileExceptionSet;
			membershipExceptions = (
				Info.plist,
			);
			target = 305E53592D1B0691002E4746 /* FightClub */;
		};
/* End PBXFileSystemSynchronizedBuildFileExceptionSet section */

/* Begin PBXFileSystemSynchronizedRootGroup section */
		305E535C2D1B0691002E4746 /* FightClub */ = {
			isa = PBXFileSystemSynchronizedRootGroup;
			exceptions = (
				307D31ED2D1BC4C5003CCE92 /* Exceptions for "FightClub" folder in "FightClub" target */,
			);
			path = FightClub;
			sourceTree = "<group>";
		};
		305E536D2D1B0693002E4746 /* FightClubTests */ = {
			isa = PBXFileSystemSynchronizedRootGroup;
			path = FightClubTests;
			sourceTree = "<group>";
		};
		305E53772D1B0693002E4746 /* FightClubUITests */ = {
			isa = PBXFileSystemSynchronizedRootGroup;
			path = FightClubUITests;
			sourceTree = "<group>";
		};
/* End PBXFileSystemSynchronizedRootGroup section */

/* Begin PBXFrameworksBuildPhase section */
		305E53572D1B0691002E4746 /* Frameworks */ = {
			isa = PBXFrameworksBuildPhase;
			buildActionMask = 2147483647;
			files = (
				30A21AB32D2ECE10005812C3 /* FirebaseFirestoreCombine-Community in Frameworks */,
				303224352D2ED374006016CE /* Alamofire in Frameworks */,
				30A21AA12D2ECE10005812C3 /* FirebaseAnalyticsWithoutAdIdSupport in Frameworks */,
				302391302D2ED10000C485B7 /* FirebaseInAppMessaging-Beta in Frameworks */,
				3023913D2D2ED1C900C485B7 /* GoogleSignInSwift in Frameworks */,
				30A21ABD2D2ECE10005812C3 /* FirebaseMLModelDownloader in Frameworks */,
				30A21A9D2D2ECE10005812C3 /* FirebaseAnalytics in Frameworks */,
				30A21ABB2D2ECE10005812C3 /* FirebaseInstallations in Frameworks */,
				3023913B2D2ED1C900C485B7 /* GoogleSignIn in Frameworks */,
				302391352D2ED17000C485B7 /* KeychainAccess in Frameworks */,
				30A21ABF2D2ECE10005812C3 /* FirebaseMessaging in Frameworks */,
				30A21AA92D2ECE10005812C3 /* FirebaseCore in Frameworks */,
				3023912E2D2ED10000C485B7 /* FirebaseFunctions in Frameworks */,
				30A21AC32D2ECE10005812C3 /* FirebaseRemoteConfig in Frameworks */,
				30A21AB12D2ECE10005812C3 /* FirebaseFirestore in Frameworks */,
				3023912C2D2ED10000C485B7 /* FirebaseCore in Frameworks */,
				30A21AC12D2ECE10005812C3 /* FirebasePerformance in Frameworks */,
				30A21AB52D2ECE10005812C3 /* FirebaseFunctions in Frameworks */,
				302391322D2ED10000C485B7 /* FirebaseMessaging in Frameworks */,
				30A21AAF2D2ECE10005812C3 /* FirebaseDynamicLinks in Frameworks */,
				30A21AA72D2ECE10005812C3 /* FirebaseAuthCombine-Community in Frameworks */,
				302391382D2ED19F00C485B7 /* spm-talkplus-framework in Frameworks */,
				302391292D2ED0A800C485B7 /* LiveKit in Frameworks */,
				30A21AAD2D2ECE10005812C3 /* FirebaseDatabase in Frameworks */,
				30A21A9F2D2ECE10005812C3 /* FirebaseAnalyticsOnDeviceConversion in Frameworks */,
				30A21A922D2ECC74005812C3 /* LiveKit in Frameworks */,
				30A21AB72D2ECE10005812C3 /* FirebaseFunctionsCombine-Community in Frameworks */,
				30A21AB92D2ECE10005812C3 /* FirebaseInAppMessaging-Beta in Frameworks */,
				30A21AAB2D2ECE10005812C3 /* FirebaseCrashlytics in Frameworks */,
				30A21AA32D2ECE10005812C3 /* FirebaseAppCheck in Frameworks */,
				30A21AA52D2ECE10005812C3 /* FirebaseAppDistribution-Beta in Frameworks */,
			);
			runOnlyForDeploymentPostprocessing = 0;
		};
		305E53672D1B0693002E4746 /* Frameworks */ = {
			isa = PBXFrameworksBuildPhase;
			buildActionMask = 2147483647;
			files = (
			);
			runOnlyForDeploymentPostprocessing = 0;
		};
		305E53712D1B0693002E4746 /* Frameworks */ = {
			isa = PBXFrameworksBuildPhase;
			buildActionMask = 2147483647;
			files = (
			);
			runOnlyForDeploymentPostprocessing = 0;
		};
/* End PBXFrameworksBuildPhase section */

/* Begin PBXGroup section */
		305E53512D1B0691002E4746 = {
			isa = PBXGroup;
			children = (
				305E535C2D1B0691002E4746 /* FightClub */,
				305E536D2D1B0693002E4746 /* FightClubTests */,
				305E53772D1B0693002E4746 /* FightClubUITests */,
				305E535B2D1B0691002E4746 /* Products */,
			);
			sourceTree = "<group>";
		};
		305E535B2D1B0691002E4746 /* Products */ = {
			isa = PBXGroup;
			children = (
				305E535A2D1B0691002E4746 /* FightClub.app */,
				305E536A2D1B0693002E4746 /* FightClubTests.xctest */,
				305E53742D1B0693002E4746 /* FightClubUITests.xctest */,
			);
			name = Products;
			sourceTree = "<group>";
		};
/* End PBXGroup section */

/* Begin PBXNativeTarget section */
		305E53592D1B0691002E4746 /* FightClub */ = {
			isa = PBXNativeTarget;
			buildConfigurationList = 305E537E2D1B0693002E4746 /* Build configuration list for PBXNativeTarget "FightClub" */;
			buildPhases = (
				305E53562D1B0691002E4746 /* Sources */,
				305E53572D1B0691002E4746 /* Frameworks */,
				305E53582D1B0691002E4746 /* Resources */,
			);
			buildRules = (
			);
			dependencies = (
			);
			fileSystemSynchronizedGroups = (
				305E535C2D1B0691002E4746 /* FightClub */,
			);
			name = FightClub;
			packageProductDependencies = (
				30A21A912D2ECC74005812C3 /* LiveKit */,
				30A21A9C2D2ECE10005812C3 /* FirebaseAnalytics */,
				30A21A9E2D2ECE10005812C3 /* FirebaseAnalyticsOnDeviceConversion */,
				30A21AA02D2ECE10005812C3 /* FirebaseAnalyticsWithoutAdIdSupport */,
				30A21AA22D2ECE10005812C3 /* FirebaseAppCheck */,
				30A21AA42D2ECE10005812C3 /* FirebaseAppDistribution-Beta */,
				30A21AA62D2ECE10005812C3 /* FirebaseAuthCombine-Community */,
				30A21AA82D2ECE10005812C3 /* FirebaseCore */,
				30A21AAA2D2ECE10005812C3 /* FirebaseCrashlytics */,
				30A21AAC2D2ECE10005812C3 /* FirebaseDatabase */,
				30A21AAE2D2ECE10005812C3 /* FirebaseDynamicLinks */,
				30A21AB02D2ECE10005812C3 /* FirebaseFirestore */,
				30A21AB22D2ECE10005812C3 /* FirebaseFirestoreCombine-Community */,
				30A21AB42D2ECE10005812C3 /* FirebaseFunctions */,
				30A21AB62D2ECE10005812C3 /* FirebaseFunctionsCombine-Community */,
				30A21AB82D2ECE10005812C3 /* FirebaseInAppMessaging-Beta */,
				30A21ABA2D2ECE10005812C3 /* FirebaseInstallations */,
				30A21ABC2D2ECE10005812C3 /* FirebaseMLModelDownloader */,
				30A21ABE2D2ECE10005812C3 /* FirebaseMessaging */,
				30A21AC02D2ECE10005812C3 /* FirebasePerformance */,
				30A21AC22D2ECE10005812C3 /* FirebaseRemoteConfig */,
				302391282D2ED0A800C485B7 /* LiveKit */,
				3023912B2D2ED10000C485B7 /* FirebaseCore */,
				3023912D2D2ED10000C485B7 /* FirebaseFunctions */,
				3023912F2D2ED10000C485B7 /* FirebaseInAppMessaging-Beta */,
				302391312D2ED10000C485B7 /* FirebaseMessaging */,
				302391342D2ED17000C485B7 /* KeychainAccess */,
				302391372D2ED19F00C485B7 /* spm-talkplus-framework */,
				3023913A2D2ED1C900C485B7 /* GoogleSignIn */,
				3023913C2D2ED1C900C485B7 /* GoogleSignInSwift */,
				303224342D2ED374006016CE /* Alamofire */,
			);
			productName = FightClub;
			productReference = 305E535A2D1B0691002E4746 /* FightClub.app */;
			productType = "com.apple.product-type.application";
		};
		305E53692D1B0693002E4746 /* FightClubTests */ = {
			isa = PBXNativeTarget;
			buildConfigurationList = 305E53812D1B0693002E4746 /* Build configuration list for PBXNativeTarget "FightClubTests" */;
			buildPhases = (
				305E53662D1B0693002E4746 /* Sources */,
				305E53672D1B0693002E4746 /* Frameworks */,
				305E53682D1B0693002E4746 /* Resources */,
			);
			buildRules = (
			);
			dependencies = (
				305E536C2D1B0693002E4746 /* PBXTargetDependency */,
			);
			fileSystemSynchronizedGroups = (
				305E536D2D1B0693002E4746 /* FightClubTests */,
			);
			name = FightClubTests;
			packageProductDependencies = (
			);
			productName = FightClubTests;
			productReference = 305E536A2D1B0693002E4746 /* FightClubTests.xctest */;
			productType = "com.apple.product-type.bundle.unit-test";
		};
		305E53732D1B0693002E4746 /* FightClubUITests */ = {
			isa = PBXNativeTarget;
			buildConfigurationList = 305E53842D1B0693002E4746 /* Build configuration list for PBXNativeTarget "FightClubUITests" */;
			buildPhases = (
				305E53702D1B0693002E4746 /* Sources */,
				305E53712D1B0693002E4746 /* Frameworks */,
				305E53722D1B0693002E4746 /* Resources */,
			);
			buildRules = (
			);
			dependencies = (
				305E53762D1B0693002E4746 /* PBXTargetDependency */,
			);
			fileSystemSynchronizedGroups = (
				305E53772D1B0693002E4746 /* FightClubUITests */,
			);
			name = FightClubUITests;
			packageProductDependencies = (
			);
			productName = FightClubUITests;
			productReference = 305E53742D1B0693002E4746 /* FightClubUITests.xctest */;
			productType = "com.apple.product-type.bundle.ui-testing";
		};
/* End PBXNativeTarget section */

/* Begin PBXProject section */
		305E53522D1B0691002E4746 /* Project object */ = {
			isa = PBXProject;
			attributes = {
				BuildIndependentTargetsInParallel = 1;
				LastSwiftUpdateCheck = 1610;
				LastUpgradeCheck = 1610;
				TargetAttributes = {
					305E53592D1B0691002E4746 = {
						CreatedOnToolsVersion = 16.1;
					};
					305E53692D1B0693002E4746 = {
						CreatedOnToolsVersion = 16.1;
						TestTargetID = 305E53592D1B0691002E4746;
					};
					305E53732D1B0693002E4746 = {
						CreatedOnToolsVersion = 16.1;
						TestTargetID = 305E53592D1B0691002E4746;
					};
				};
			};
			buildConfigurationList = 305E53552D1B0691002E4746 /* Build configuration list for PBXProject "FightClub" */;
			developmentRegion = en;
			hasScannedForEncodings = 0;
			knownRegions = (
				en,
				Base,
			);
			mainGroup = 305E53512D1B0691002E4746;
			minimizedProjectReferenceProxies = 1;
			packageReferences = (
				302391272D2ED0A800C485B7 /* XCRemoteSwiftPackageReference "client-sdk-swift" */,
				3023912A2D2ED10000C485B7 /* XCRemoteSwiftPackageReference "firebase-ios-sdk" */,
				302391332D2ED17000C485B7 /* XCRemoteSwiftPackageReference "KeychainAccess" */,
				302391362D2ED19F00C485B7 /* XCRemoteSwiftPackageReference "talkplus-ios-release" */,
				302391392D2ED1C900C485B7 /* XCRemoteSwiftPackageReference "GoogleSignIn-iOS" */,
				303224332D2ED374006016CE /* XCRemoteSwiftPackageReference "Alamofire" */,
			);
			preferredProjectObjectVersion = 77;
			productRefGroup = 305E535B2D1B0691002E4746 /* Products */;
			projectDirPath = "";
			projectRoot = "";
			targets = (
				305E53592D1B0691002E4746 /* FightClub */,
				305E53692D1B0693002E4746 /* FightClubTests */,
				305E53732D1B0693002E4746 /* FightClubUITests */,
			);
		};
/* End PBXProject section */

/* Begin PBXResourcesBuildPhase section */
		305E53582D1B0691002E4746 /* Resources */ = {
			isa = PBXResourcesBuildPhase;
			buildActionMask = 2147483647;
			files = (
			);
			runOnlyForDeploymentPostprocessing = 0;
		};
		305E53682D1B0693002E4746 /* Resources */ = {
			isa = PBXResourcesBuildPhase;
			buildActionMask = 2147483647;
			files = (
			);
			runOnlyForDeploymentPostprocessing = 0;
		};
		305E53722D1B0693002E4746 /* Resources */ = {
			isa = PBXResourcesBuildPhase;
			buildActionMask = 2147483647;
			files = (
			);
			runOnlyForDeploymentPostprocessing = 0;
		};
/* End PBXResourcesBuildPhase section */

/* Begin PBXSourcesBuildPhase section */
		305E53562D1B0691002E4746 /* Sources */ = {
			isa = PBXSourcesBuildPhase;
			buildActionMask = 2147483647;
			files = (
			);
			runOnlyForDeploymentPostprocessing = 0;
		};
		305E53662D1B0693002E4746 /* Sources */ = {
			isa = PBXSourcesBuildPhase;
			buildActionMask = 2147483647;
			files = (
			);
			runOnlyForDeploymentPostprocessing = 0;
		};
		305E53702D1B0693002E4746 /* Sources */ = {
			isa = PBXSourcesBuildPhase;
			buildActionMask = 2147483647;
			files = (
			);
			runOnlyForDeploymentPostprocessing = 0;
		};
/* End PBXSourcesBuildPhase section */

/* Begin PBXTargetDependency section */
		305E536C2D1B0693002E4746 /* PBXTargetDependency */ = {
			isa = PBXTargetDependency;
			target = 305E53592D1B0691002E4746 /* FightClub */;
			targetProxy = 305E536B2D1B0693002E4746 /* PBXContainerItemProxy */;
		};
		305E53762D1B0693002E4746 /* PBXTargetDependency */ = {
			isa = PBXTargetDependency;
			target = 305E53592D1B0691002E4746 /* FightClub */;
			targetProxy = 305E53752D1B0693002E4746 /* PBXContainerItemProxy */;
		};
/* End PBXTargetDependency section */

/* Begin XCBuildConfiguration section */
		305E537C2D1B0693002E4746 /* Debug */ = {
			isa = XCBuildConfiguration;
			buildSettings = {
				ALWAYS_SEARCH_USER_PATHS = NO;
				ASSETCATALOG_COMPILER_GENERATE_SWIFT_ASSET_SYMBOL_EXTENSIONS = YES;
				CLANG_ANALYZER_NONNULL = YES;
				CLANG_ANALYZER_NUMBER_OBJECT_CONVERSION = YES_AGGRESSIVE;
				CLANG_CXX_LANGUAGE_STANDARD = "gnu++20";
				CLANG_ENABLE_MODULES = YES;
				CLANG_ENABLE_OBJC_ARC = YES;
				CLANG_ENABLE_OBJC_WEAK = YES;
				CLANG_WARN_BLOCK_CAPTURE_AUTORELEASING = YES;
				CLANG_WARN_BOOL_CONVERSION = YES;
				CLANG_WARN_COMMA = YES;
				CLANG_WARN_CONSTANT_CONVERSION = YES;
				CLANG_WARN_DEPRECATED_OBJC_IMPLEMENTATIONS = YES;
				CLANG_WARN_DIRECT_OBJC_ISA_USAGE = YES_ERROR;
				CLANG_WARN_DOCUMENTATION_COMMENTS = YES;
				CLANG_WARN_EMPTY_BODY = YES;
				CLANG_WARN_ENUM_CONVERSION = YES;
				CLANG_WARN_INFINITE_RECURSION = YES;
				CLANG_WARN_INT_CONVERSION = YES;
				CLANG_WARN_NON_LITERAL_NULL_CONVERSION = YES;
				CLANG_WARN_OBJC_IMPLICIT_RETAIN_SELF = YES;
				CLANG_WARN_OBJC_LITERAL_CONVERSION = YES;
				CLANG_WARN_OBJC_ROOT_CLASS = YES_ERROR;
				CLANG_WARN_QUOTED_INCLUDE_IN_FRAMEWORK_HEADER = YES;
				CLANG_WARN_RANGE_LOOP_ANALYSIS = YES;
				CLANG_WARN_STRICT_PROTOTYPES = YES;
				CLANG_WARN_SUSPICIOUS_MOVE = YES;
				CLANG_WARN_UNGUARDED_AVAILABILITY = YES_AGGRESSIVE;
				CLANG_WARN_UNREACHABLE_CODE = YES;
				CLANG_WARN__DUPLICATE_METHOD_MATCH = YES;
				COPY_PHASE_STRIP = NO;
				DEBUG_INFORMATION_FORMAT = dwarf;
				ENABLE_STRICT_OBJC_MSGSEND = YES;
				ENABLE_TESTABILITY = YES;
				ENABLE_USER_SCRIPT_SANDBOXING = YES;
				GCC_C_LANGUAGE_STANDARD = gnu17;
				GCC_DYNAMIC_NO_PIC = NO;
				GCC_NO_COMMON_BLOCKS = YES;
				GCC_OPTIMIZATION_LEVEL = 0;
				GCC_PREPROCESSOR_DEFINITIONS = (
					"DEBUG=1",
					"$(inherited)",
				);
				GCC_WARN_64_TO_32_BIT_CONVERSION = YES;
				GCC_WARN_ABOUT_RETURN_TYPE = YES_ERROR;
				GCC_WARN_UNDECLARED_SELECTOR = YES;
				GCC_WARN_UNINITIALIZED_AUTOS = YES_AGGRESSIVE;
				GCC_WARN_UNUSED_FUNCTION = YES;
				GCC_WARN_UNUSED_VARIABLE = YES;
				IPHONEOS_DEPLOYMENT_TARGET = 18.1;
				LOCALIZATION_PREFERS_STRING_CATALOGS = YES;
				MTL_ENABLE_DEBUG_INFO = INCLUDE_SOURCE;
				MTL_FAST_MATH = YES;
				ONLY_ACTIVE_ARCH = YES;
				SDKROOT = iphoneos;
				SWIFT_ACTIVE_COMPILATION_CONDITIONS = "DEBUG $(inherited)";
				SWIFT_OPTIMIZATION_LEVEL = "-Onone";
			};
			name = Debug;
		};
		305E537D2D1B0693002E4746 /* Release */ = {
			isa = XCBuildConfiguration;
			buildSettings = {
				ALWAYS_SEARCH_USER_PATHS = NO;
				ASSETCATALOG_COMPILER_GENERATE_SWIFT_ASSET_SYMBOL_EXTENSIONS = YES;
				CLANG_ANALYZER_NONNULL = YES;
				CLANG_ANALYZER_NUMBER_OBJECT_CONVERSION = YES_AGGRESSIVE;
				CLANG_CXX_LANGUAGE_STANDARD = "gnu++20";
				CLANG_ENABLE_MODULES = YES;
				CLANG_ENABLE_OBJC_ARC = YES;
				CLANG_ENABLE_OBJC_WEAK = YES;
				CLANG_WARN_BLOCK_CAPTURE_AUTORELEASING = YES;
				CLANG_WARN_BOOL_CONVERSION = YES;
				CLANG_WARN_COMMA = YES;
				CLANG_WARN_CONSTANT_CONVERSION = YES;
				CLANG_WARN_DEPRECATED_OBJC_IMPLEMENTATIONS = YES;
				CLANG_WARN_DIRECT_OBJC_ISA_USAGE = YES_ERROR;
				CLANG_WARN_DOCUMENTATION_COMMENTS = YES;
				CLANG_WARN_EMPTY_BODY = YES;
				CLANG_WARN_ENUM_CONVERSION = YES;
				CLANG_WARN_INFINITE_RECURSION = YES;
				CLANG_WARN_INT_CONVERSION = YES;
				CLANG_WARN_NON_LITERAL_NULL_CONVERSION = YES;
				CLANG_WARN_OBJC_IMPLICIT_RETAIN_SELF = YES;
				CLANG_WARN_OBJC_LITERAL_CONVERSION = YES;
				CLANG_WARN_OBJC_ROOT_CLASS = YES_ERROR;
				CLANG_WARN_QUOTED_INCLUDE_IN_FRAMEWORK_HEADER = YES;
				CLANG_WARN_RANGE_LOOP_ANALYSIS = YES;
				CLANG_WARN_STRICT_PROTOTYPES = YES;
				CLANG_WARN_SUSPICIOUS_MOVE = YES;
				CLANG_WARN_UNGUARDED_AVAILABILITY = YES_AGGRESSIVE;
				CLANG_WARN_UNREACHABLE_CODE = YES;
				CLANG_WARN__DUPLICATE_METHOD_MATCH = YES;
				COPY_PHASE_STRIP = NO;
				DEBUG_INFORMATION_FORMAT = "dwarf-with-dsym";
				ENABLE_NS_ASSERTIONS = NO;
				ENABLE_STRICT_OBJC_MSGSEND = YES;
				ENABLE_USER_SCRIPT_SANDBOXING = YES;
				GCC_C_LANGUAGE_STANDARD = gnu17;
				GCC_NO_COMMON_BLOCKS = YES;
				GCC_WARN_64_TO_32_BIT_CONVERSION = YES;
				GCC_WARN_ABOUT_RETURN_TYPE = YES_ERROR;
				GCC_WARN_UNDECLARED_SELECTOR = YES;
				GCC_WARN_UNINITIALIZED_AUTOS = YES_AGGRESSIVE;
				GCC_WARN_UNUSED_FUNCTION = YES;
				GCC_WARN_UNUSED_VARIABLE = YES;
				IPHONEOS_DEPLOYMENT_TARGET = 18.1;
				LOCALIZATION_PREFERS_STRING_CATALOGS = YES;
				MTL_ENABLE_DEBUG_INFO = NO;
				MTL_FAST_MATH = YES;
				SDKROOT = iphoneos;
				SWIFT_COMPILATION_MODE = wholemodule;
				VALIDATE_PRODUCT = YES;
			};
			name = Release;
		};
		305E537F2D1B0693002E4746 /* Debug */ = {
			isa = XCBuildConfiguration;
			buildSettings = {
				ALWAYS_EMBED_SWIFT_STANDARD_LIBRARIES = YES;
				ASSETCATALOG_COMPILER_APPICON_NAME = AppIcon;
				ASSETCATALOG_COMPILER_GLOBAL_ACCENT_COLOR_NAME = AccentColor;
				CODE_SIGN_ENTITLEMENTS = FightClub/FightClub.entitlements;
				CODE_SIGN_IDENTITY = "Apple Development";
				CODE_SIGN_STYLE = Automatic;
				CURRENT_PROJECT_VERSION = 1.0;
				DEVELOPMENT_ASSET_PATHS = "\"FightClub/Preview Content\"";
				DEVELOPMENT_TEAM = TKGJMJG2JJ;
				ENABLE_PREVIEWS = YES;
				GENERATE_INFOPLIST_FILE = YES;
				INFOPLIST_FILE = FightClub/Info.plist;
				INFOPLIST_KEY_NSCameraUsageDescription = "복싱 동작을 녹화하고 분석하기 위해 카메라 접근 권한이 필요합니다.";
				INFOPLIST_KEY_NSMicrophoneUsageDescription = "Live 송출을 위한 마이크 접근 권한이 필요합니다.";
				INFOPLIST_KEY_UIApplicationSceneManifest_Generation = YES;
				INFOPLIST_KEY_UIApplicationSupportsIndirectInputEvents = YES;
				INFOPLIST_KEY_UILaunchScreen_Generation = YES;
				INFOPLIST_KEY_UIRequiredDeviceCapabilities = armv7;
				INFOPLIST_KEY_UISupportedInterfaceOrientations = "UIInterfaceOrientationLandscapeLeft UIInterfaceOrientationLandscapeRight UIInterfaceOrientationPortrait";
				INFOPLIST_KEY_UISupportedInterfaceOrientations_iPad = "UIInterfaceOrientationLandscapeLeft UIInterfaceOrientationLandscapeRight";
				IPHONEOS_DEPLOYMENT_TARGET = 17.2;
				LD_RUNPATH_SEARCH_PATHS = (
					"$(inherited)",
					"@executable_path/Frameworks",
				);
				MARKETING_VERSION = 1.0;
				OTHER_LDFLAGS = "$(inherited)";
				PRODUCT_BUNDLE_IDENTIFIER = com.donginlee.fightclub;
				PRODUCT_NAME = "$(TARGET_NAME)";
				PROVISIONING_PROFILE_SPECIFIER = "";
				SWIFT_EMIT_LOC_STRINGS = YES;
				SWIFT_VERSION = 5.0;
				TARGETED_DEVICE_FAMILY = "1,2";
			};
			name = Debug;
		};
		305E53802D1B0693002E4746 /* Release */ = {
			isa = XCBuildConfiguration;
			buildSettings = {
				ALWAYS_EMBED_SWIFT_STANDARD_LIBRARIES = YES;
				ASSETCATALOG_COMPILER_APPICON_NAME = AppIcon;
				ASSETCATALOG_COMPILER_GLOBAL_ACCENT_COLOR_NAME = AccentColor;
				CODE_SIGN_ENTITLEMENTS = FightClub/FightClub.entitlements;
				CODE_SIGN_IDENTITY = "Apple Development";
				CODE_SIGN_STYLE = Automatic;
				CURRENT_PROJECT_VERSION = 1.0;
				DEVELOPMENT_ASSET_PATHS = "\"FightClub/Preview Content\"";
				DEVELOPMENT_TEAM = TKGJMJG2JJ;
				ENABLE_PREVIEWS = YES;
				GENERATE_INFOPLIST_FILE = YES;
				INFOPLIST_FILE = FightClub/Info.plist;
				INFOPLIST_KEY_NSCameraUsageDescription = "복싱 동작을 녹화하고 분석하기 위해 카메라 접근 권한이 필요합니다.";
				INFOPLIST_KEY_NSMicrophoneUsageDescription = "Live 송출을 위한 마이크 접근 권한이 필요합니다.";
				INFOPLIST_KEY_UIApplicationSceneManifest_Generation = YES;
				INFOPLIST_KEY_UIApplicationSupportsIndirectInputEvents = YES;
				INFOPLIST_KEY_UILaunchScreen_Generation = YES;
				INFOPLIST_KEY_UIRequiredDeviceCapabilities = armv7;
				INFOPLIST_KEY_UISupportedInterfaceOrientations = "UIInterfaceOrientationLandscapeLeft UIInterfaceOrientationLandscapeRight UIInterfaceOrientationPortrait";
				INFOPLIST_KEY_UISupportedInterfaceOrientations_iPad = "UIInterfaceOrientationLandscapeLeft UIInterfaceOrientationLandscapeRight";
				IPHONEOS_DEPLOYMENT_TARGET = 17.2;
				LD_RUNPATH_SEARCH_PATHS = (
					"$(inherited)",
					"@executable_path/Frameworks",
				);
				MARKETING_VERSION = 1.0;
				OTHER_LDFLAGS = "$(inherited)";
				PRODUCT_BUNDLE_IDENTIFIER = com.donginlee.fightclub;
				PRODUCT_NAME = "$(TARGET_NAME)";
				PROVISIONING_PROFILE_SPECIFIER = "";
				SWIFT_EMIT_LOC_STRINGS = YES;
				SWIFT_VERSION = 5.0;
				TARGETED_DEVICE_FAMILY = "1,2";
			};
			name = Release;
		};
		305E53822D1B0693002E4746 /* Debug */ = {
			isa = XCBuildConfiguration;
			buildSettings = {
				BUNDLE_LOADER = "$(TEST_HOST)";
				CODE_SIGN_STYLE = Automatic;
				CURRENT_PROJECT_VERSION = 1;
				DEVELOPMENT_TEAM = TKGJMJG2JJ;
				GENERATE_INFOPLIST_FILE = YES;
				IPHONEOS_DEPLOYMENT_TARGET = 18.1;
				MARKETING_VERSION = 1.0;
				PRODUCT_BUNDLE_IDENTIFIER = dongInLee.FightClubTests;
				PRODUCT_NAME = "$(TARGET_NAME)";
				SWIFT_EMIT_LOC_STRINGS = NO;
				SWIFT_VERSION = 5.0;
				TARGETED_DEVICE_FAMILY = "1,2";
				TEST_HOST = "$(BUILT_PRODUCTS_DIR)/FightClub.app/$(BUNDLE_EXECUTABLE_FOLDER_PATH)/FightClub";
			};
			name = Debug;
		};
		305E53832D1B0693002E4746 /* Release */ = {
			isa = XCBuildConfiguration;
			buildSettings = {
				BUNDLE_LOADER = "$(TEST_HOST)";
				CODE_SIGN_STYLE = Automatic;
				CURRENT_PROJECT_VERSION = 1;
				DEVELOPMENT_TEAM = TKGJMJG2JJ;
				GENERATE_INFOPLIST_FILE = YES;
				IPHONEOS_DEPLOYMENT_TARGET = 18.1;
				MARKETING_VERSION = 1.0;
				PRODUCT_BUNDLE_IDENTIFIER = dongInLee.FightClubTests;
				PRODUCT_NAME = "$(TARGET_NAME)";
				SWIFT_EMIT_LOC_STRINGS = NO;
				SWIFT_VERSION = 5.0;
				TARGETED_DEVICE_FAMILY = "1,2";
				TEST_HOST = "$(BUILT_PRODUCTS_DIR)/FightClub.app/$(BUNDLE_EXECUTABLE_FOLDER_PATH)/FightClub";
			};
			name = Release;
		};
		305E53852D1B0693002E4746 /* Debug */ = {
			isa = XCBuildConfiguration;
			buildSettings = {
				CODE_SIGN_STYLE = Automatic;
				CURRENT_PROJECT_VERSION = 1;
				DEVELOPMENT_TEAM = TKGJMJG2JJ;
				GENERATE_INFOPLIST_FILE = YES;
				MARKETING_VERSION = 1.0;
				PRODUCT_BUNDLE_IDENTIFIER = dongInLee.FightClubUITests;
				PRODUCT_NAME = "$(TARGET_NAME)";
				SWIFT_EMIT_LOC_STRINGS = NO;
				SWIFT_VERSION = 5.0;
				TARGETED_DEVICE_FAMILY = "1,2";
				TEST_TARGET_NAME = FightClub;
			};
			name = Debug;
		};
		305E53862D1B0693002E4746 /* Release */ = {
			isa = XCBuildConfiguration;
			buildSettings = {
				CODE_SIGN_STYLE = Automatic;
				CURRENT_PROJECT_VERSION = 1;
				DEVELOPMENT_TEAM = TKGJMJG2JJ;
				GENERATE_INFOPLIST_FILE = YES;
				MARKETING_VERSION = 1.0;
				PRODUCT_BUNDLE_IDENTIFIER = dongInLee.FightClubUITests;
				PRODUCT_NAME = "$(TARGET_NAME)";
				SWIFT_EMIT_LOC_STRINGS = NO;
				SWIFT_VERSION = 5.0;
				TARGETED_DEVICE_FAMILY = "1,2";
				TEST_TARGET_NAME = FightClub;
			};
			name = Release;
		};
/* End XCBuildConfiguration section */

/* Begin XCConfigurationList section */
		305E53552D1B0691002E4746 /* Build configuration list for PBXProject "FightClub" */ = {
			isa = XCConfigurationList;
			buildConfigurations = (
				305E537C2D1B0693002E4746 /* Debug */,
				305E537D2D1B0693002E4746 /* Release */,
			);
			defaultConfigurationIsVisible = 0;
			defaultConfigurationName = Release;
		};
		305E537E2D1B0693002E4746 /* Build configuration list for PBXNativeTarget "FightClub" */ = {
			isa = XCConfigurationList;
			buildConfigurations = (
				305E537F2D1B0693002E4746 /* Debug */,
				305E53802D1B0693002E4746 /* Release */,
			);
			defaultConfigurationIsVisible = 0;
			defaultConfigurationName = Release;
		};
		305E53812D1B0693002E4746 /* Build configuration list for PBXNativeTarget "FightClubTests" */ = {
			isa = XCConfigurationList;
			buildConfigurations = (
				305E53822D1B0693002E4746 /* Debug */,
				305E53832D1B0693002E4746 /* Release */,
			);
			defaultConfigurationIsVisible = 0;
			defaultConfigurationName = Release;
		};
		305E53842D1B0693002E4746 /* Build configuration list for PBXNativeTarget "FightClubUITests" */ = {
			isa = XCConfigurationList;
			buildConfigurations = (
				305E53852D1B0693002E4746 /* Debug */,
				305E53862D1B0693002E4746 /* Release */,
			);
			defaultConfigurationIsVisible = 0;
			defaultConfigurationName = Release;
		};
/* End XCConfigurationList section */

/* Begin XCRemoteSwiftPackageReference section */
		302391272D2ED0A800C485B7 /* XCRemoteSwiftPackageReference "client-sdk-swift" */ = {
			isa = XCRemoteSwiftPackageReference;
			repositoryURL = "https://github.com/livekit/client-sdk-swift.git";
			requirement = {
				kind = upToNextMajorVersion;
				minimumVersion = 2.0.19;
			};
		};
		3023912A2D2ED10000C485B7 /* XCRemoteSwiftPackageReference "firebase-ios-sdk" */ = {
			isa = XCRemoteSwiftPackageReference;
			repositoryURL = "https://github.com/firebase/firebase-ios-sdk.git";
			requirement = {
				kind = upToNextMajorVersion;
				minimumVersion = 11.6.0;
			};
		};
		302391332D2ED17000C485B7 /* XCRemoteSwiftPackageReference "KeychainAccess" */ = {
			isa = XCRemoteSwiftPackageReference;
			repositoryURL = "https://github.com/kishikawakatsumi/KeychainAccess.git";
			requirement = {
				branch = master;
				kind = branch;
			};
		};
		302391362D2ED19F00C485B7 /* XCRemoteSwiftPackageReference "talkplus-ios-release" */ = {
			isa = XCRemoteSwiftPackageReference;
			repositoryURL = "https://github.com/adxcorp/talkplus-ios-release.git";
			requirement = {
				kind = upToNextMajorVersion;
				minimumVersion = 0.6.4;
			};
		};
		302391392D2ED1C900C485B7 /* XCRemoteSwiftPackageReference "GoogleSignIn-iOS" */ = {
			isa = XCRemoteSwiftPackageReference;
			repositoryURL = "https://github.com/google/GoogleSignIn-iOS.git";
			requirement = {
				kind = upToNextMajorVersion;
				minimumVersion = 8.0.0;
			};
		};
		303224332D2ED374006016CE /* XCRemoteSwiftPackageReference "Alamofire" */ = {
			isa = XCRemoteSwiftPackageReference;
			repositoryURL = "https://github.com/Alamofire/Alamofire.git";
			requirement = {
				kind = upToNextMajorVersion;
				minimumVersion = 5.10.2;
			};
		};
/* End XCRemoteSwiftPackageReference section */

/* Begin XCSwiftPackageProductDependency section */
		302391282D2ED0A800C485B7 /* LiveKit */ = {
			isa = XCSwiftPackageProductDependency;
			package = 302391272D2ED0A800C485B7 /* XCRemoteSwiftPackageReference "client-sdk-swift" */;
			productName = LiveKit;
		};
		3023912B2D2ED10000C485B7 /* FirebaseCore */ = {
			isa = XCSwiftPackageProductDependency;
			package = 3023912A2D2ED10000C485B7 /* XCRemoteSwiftPackageReference "firebase-ios-sdk" */;
			productName = FirebaseCore;
		};
		3023912D2D2ED10000C485B7 /* FirebaseFunctions */ = {
			isa = XCSwiftPackageProductDependency;
			package = 3023912A2D2ED10000C485B7 /* XCRemoteSwiftPackageReference "firebase-ios-sdk" */;
			productName = FirebaseFunctions;
		};
		3023912F2D2ED10000C485B7 /* FirebaseInAppMessaging-Beta */ = {
			isa = XCSwiftPackageProductDependency;
			package = 3023912A2D2ED10000C485B7 /* XCRemoteSwiftPackageReference "firebase-ios-sdk" */;
			productName = "FirebaseInAppMessaging-Beta";
		};
		302391312D2ED10000C485B7 /* FirebaseMessaging */ = {
			isa = XCSwiftPackageProductDependency;
			package = 3023912A2D2ED10000C485B7 /* XCRemoteSwiftPackageReference "firebase-ios-sdk" */;
			productName = FirebaseMessaging;
		};
		302391342D2ED17000C485B7 /* KeychainAccess */ = {
			isa = XCSwiftPackageProductDependency;
			package = 302391332D2ED17000C485B7 /* XCRemoteSwiftPackageReference "KeychainAccess" */;
			productName = KeychainAccess;
		};
		302391372D2ED19F00C485B7 /* spm-talkplus-framework */ = {
			isa = XCSwiftPackageProductDependency;
			package = 302391362D2ED19F00C485B7 /* XCRemoteSwiftPackageReference "talkplus-ios-release" */;
			productName = "spm-talkplus-framework";
		};
		3023913A2D2ED1C900C485B7 /* GoogleSignIn */ = {
			isa = XCSwiftPackageProductDependency;
			package = 302391392D2ED1C900C485B7 /* XCRemoteSwiftPackageReference "GoogleSignIn-iOS" */;
			productName = GoogleSignIn;
		};
		3023913C2D2ED1C900C485B7 /* GoogleSignInSwift */ = {
			isa = XCSwiftPackageProductDependency;
			package = 302391392D2ED1C900C485B7 /* XCRemoteSwiftPackageReference "GoogleSignIn-iOS" */;
			productName = GoogleSignInSwift;
		};
		303224342D2ED374006016CE /* Alamofire */ = {
			isa = XCSwiftPackageProductDependency;
			package = 303224332D2ED374006016CE /* XCRemoteSwiftPackageReference "Alamofire" */;
			productName = Alamofire;
		};
		30A21A912D2ECC74005812C3 /* LiveKit */ = {
			isa = XCSwiftPackageProductDependency;
			productName = LiveKit;
		};
		30A21A9C2D2ECE10005812C3 /* FirebaseAnalytics */ = {
			isa = XCSwiftPackageProductDependency;
			productName = FirebaseAnalytics;
		};
		30A21A9E2D2ECE10005812C3 /* FirebaseAnalyticsOnDeviceConversion */ = {
			isa = XCSwiftPackageProductDependency;
			productName = FirebaseAnalyticsOnDeviceConversion;
		};
		30A21AA02D2ECE10005812C3 /* FirebaseAnalyticsWithoutAdIdSupport */ = {
			isa = XCSwiftPackageProductDependency;
			productName = FirebaseAnalyticsWithoutAdIdSupport;
		};
		30A21AA22D2ECE10005812C3 /* FirebaseAppCheck */ = {
			isa = XCSwiftPackageProductDependency;
			productName = FirebaseAppCheck;
		};
		30A21AA42D2ECE10005812C3 /* FirebaseAppDistribution-Beta */ = {
			isa = XCSwiftPackageProductDependency;
			productName = "FirebaseAppDistribution-Beta";
		};
		30A21AA62D2ECE10005812C3 /* FirebaseAuthCombine-Community */ = {
			isa = XCSwiftPackageProductDependency;
			productName = "FirebaseAuthCombine-Community";
		};
		30A21AA82D2ECE10005812C3 /* FirebaseCore */ = {
			isa = XCSwiftPackageProductDependency;
			productName = FirebaseCore;
		};
		30A21AAA2D2ECE10005812C3 /* FirebaseCrashlytics */ = {
			isa = XCSwiftPackageProductDependency;
			productName = FirebaseCrashlytics;
		};
		30A21AAC2D2ECE10005812C3 /* FirebaseDatabase */ = {
			isa = XCSwiftPackageProductDependency;
			productName = FirebaseDatabase;
		};
		30A21AAE2D2ECE10005812C3 /* FirebaseDynamicLinks */ = {
			isa = XCSwiftPackageProductDependency;
			productName = FirebaseDynamicLinks;
		};
		30A21AB02D2ECE10005812C3 /* FirebaseFirestore */ = {
			isa = XCSwiftPackageProductDependency;
			productName = FirebaseFirestore;
		};
		30A21AB22D2ECE10005812C3 /* FirebaseFirestoreCombine-Community */ = {
			isa = XCSwiftPackageProductDependency;
			productName = "FirebaseFirestoreCombine-Community";
		};
		30A21AB42D2ECE10005812C3 /* FirebaseFunctions */ = {
			isa = XCSwiftPackageProductDependency;
			productName = FirebaseFunctions;
		};
		30A21AB62D2ECE10005812C3 /* FirebaseFunctionsCombine-Community */ = {
			isa = XCSwiftPackageProductDependency;
			productName = "FirebaseFunctionsCombine-Community";
		};
		30A21AB82D2ECE10005812C3 /* FirebaseInAppMessaging-Beta */ = {
			isa = XCSwiftPackageProductDependency;
			productName = "FirebaseInAppMessaging-Beta";
		};
		30A21ABA2D2ECE10005812C3 /* FirebaseInstallations */ = {
			isa = XCSwiftPackageProductDependency;
			productName = FirebaseInstallations;
		};
		30A21ABC2D2ECE10005812C3 /* FirebaseMLModelDownloader */ = {
			isa = XCSwiftPackageProductDependency;
			productName = FirebaseMLModelDownloader;
		};
		30A21ABE2D2ECE10005812C3 /* FirebaseMessaging */ = {
			isa = XCSwiftPackageProductDependency;
			productName = FirebaseMessaging;
		};
		30A21AC02D2ECE10005812C3 /* FirebasePerformance */ = {
			isa = XCSwiftPackageProductDependency;
			productName = FirebasePerformance;
		};
		30A21AC22D2ECE10005812C3 /* FirebaseRemoteConfig */ = {
			isa = XCSwiftPackageProductDependency;
			productName = FirebaseRemoteConfig;
		};
/* End XCSwiftPackageProductDependency section */
	};
	rootObject = 305E53522D1B0691002E4746 /* Project object */;
}
